
Microsoft Visual Studio Solution File, Format Version 12.00
# Visual Studio Version 17
VisualStudioVersion = 17.0.31903.59
MinimumVisualStudioVersion = 10.0.40219.1
Project("{2150E333-8FDC-42A3-9474-1A3956D46DE8}") = "src", "src", "{08F5DF87-CA9B-4EC3-B4B2-CF3AB7DD6371}"
EndProject
Project("{FAE04EC0-301F-11D3-BF4B-00C04F79EFBC}") = "RB.SharedKernel", "src\RB.SharedKernel\RB.SharedKernel.csproj", "{8307F511-122D-4EA5-90D2-63CC5D9B5EE3}"
EndProject
Project("{2150E333-8FDC-42A3-9474-1A3956D46DE8}") = "tests", "tests", "{A3113707-E8FC-4CF2-A5DF-51FD2FD68D10}"
EndProject
Global
	GlobalSection(SolutionConfigurationPlatforms) = preSolution
		Debug|Any CPU = Debug|Any CPU
		Release|Any CPU = Release|Any CPU
	EndGlobalSection
	GlobalSection(ProjectConfigurationPlatforms) = postSolution
		{8307F511-122D-4EA5-90D2-63CC5D9B5EE3}.Debug|Any CPU.ActiveCfg = Debug|Any CPU
		{8307F511-122D-4EA5-90D2-63CC5D9B5EE3}.Debug|Any CPU.Build.0 = Debug|Any CPU
		{8307F511-122D-4EA5-90D2-63CC5D9B5EE3}.Release|Any CPU.ActiveCfg = Release|Any CPU
		{8307F511-122D-4EA5-90D2-63CC5D9B5EE3}.Release|Any CPU.Build.0 = Release|Any CPU
	EndGlobalSection
	GlobalSection(SolutionProperties) = preSolution
		HideSolutionNode = FALSE
	EndGlobalSection
	GlobalSection(NestedProjects) = preSolution
		{8307F511-122D-4EA5-90D2-63CC5D9B5EE3} = {08F5DF87-CA9B-4EC3-B4B2-CF3AB7DD6371}
	EndGlobalSection
EndGlobal
